Microsoft Visual Studio Solution File, Format Version 12.00
# Visual Studio Version 17
VisualStudioVersion = 17.13.35828.75
MinimumVisualStudioVersion = 10.0.40219.1
Project("{FAE04EC0-301F-11D3-BF4B-00C04F79EFBC}") = "University_Course_Manager", "University_Course_Manager.csproj", "{779DF4E3-153A-466A-A9B0-E715EF6B60A6}"
EndProject
Global
	GlobalSection(SolutionConfigurationPlatforms) = preSolution
		Debug|Any CPU = Debug|Any CPU
		Release|Any CPU = Release|Any CPU
	EndGlobalSection
	GlobalSection(ProjectConfigurationPlatforms) = postSolution
		{779DF4E3-153A-466A-A9B0-E715EF6B60A6}.Debug|Any CPU.ActiveCfg = Debug|Any CPU
		{779DF4E3-153A-466A-A9B0-E715EF6B60A6}.Debug|Any CPU.Build.0 = Debug|Any CPU
		{779DF4E3-153A-466A-A9B0-E715EF6B60A6}.Release|Any CPU.ActiveCfg = Release|Any CPU
		{779DF4E3-153A-466A-A9B0-E715EF6B60A6}.Release|Any CPU.Build.0 = Release|Any CPU
	EndGlobalSection
	GlobalSection(SolutionProperties) = preSolution
		HideSolutionNode = FALSE
	EndGlobalSection
	GlobalSection(ExtensibilityGlobals) = postSolution
		SolutionGuid = {841BE5B1-DBA3-4405-B35F-9EBEDB707D83}
	EndGlobalSection
EndGlobal
